
Microsoft Visual Studio Solution File, Format Version 12.00
# Visual Studio 2015
Project("{FAE04EC0-301F-11D3-BF4B-00C04F79EFBC}") = "Slime Mold Project.Plugins", "Slime Mold Project.Plugins.csproj", "{8CC4FCA8-93CE-ACBE-DF17-0A49CD628C74}"
EndProject
Project("{FAE04EC0-301F-11D3-BF4B-00C04F79EFBC}") = "Slime Mold Project", "Slime Mold Project.csproj", "{D2BD8C69-C085-A330-E9F6-8F1265001E12}"
EndProject
Global
	GlobalSection(SolutionConfigurationPlatforms) = preSolution
		Debug|Any CPU = Debug|Any CPU
		Release|Any CPU = Release|Any CPU
	EndGlobalSection
	GlobalSection(ProjectConfigurationPlatforms) = postSolution
		{8CC4FCA8-93CE-ACBE-DF17-0A49CD628C74}.Debug|Any CPU.ActiveCfg = Debug|Any CPU
		{8CC4FCA8-93CE-ACBE-DF17-0A49CD628C74}.Debug|Any CPU.Build.0 = Debug|Any CPU
		{8CC4FCA8-93CE-ACBE-DF17-0A49CD628C74}.Release|Any CPU.ActiveCfg = Release|Any CPU
		{8CC4FCA8-93CE-ACBE-DF17-0A49CD628C74}.Release|Any CPU.Build.0 = Release|Any CPU
		{D2BD8C69-C085-A330-E9F6-8F1265001E12}.Debug|Any CPU.ActiveCfg = Debug|Any CPU
		{D2BD8C69-C085-A330-E9F6-8F1265001E12}.Debug|Any CPU.Build.0 = Debug|Any CPU
		{D2BD8C69-C085-A330-E9F6-8F1265001E12}.Release|Any CPU.ActiveCfg = Release|Any CPU
		{D2BD8C69-C085-A330-E9F6-8F1265001E12}.Release|Any CPU.Build.0 = Release|Any CPU
	EndGlobalSection
	GlobalSection(SolutionProperties) = preSolution
		HideSolutionNode = FALSE
	EndGlobalSection
EndGlobal
