
Microsoft Visual Studio Solution File, Format Version 12.00
# Visual Studio 2015
Project("{FAE04EC0-301F-11D3-BF4B-00C04F79EFBC}") = "SlimeMold.Plugins", "SlimeMold.Plugins.csproj", "{70812A63-4FF7-386A-90BD-E1F5D8CEB59B}"
EndProject
Project("{FAE04EC0-301F-11D3-BF4B-00C04F79EFBC}") = "SlimeMold", "SlimeMold.csproj", "{DE4E01E6-4B05-9F38-A1AE-B7A000BB7A88}"
EndProject
Global
	GlobalSection(SolutionConfigurationPlatforms) = preSolution
		Debug|Any CPU = Debug|Any CPU
		Release|Any CPU = Release|Any CPU
	EndGlobalSection
	GlobalSection(ProjectConfigurationPlatforms) = postSolution
		{70812A63-4FF7-386A-90BD-E1F5D8CEB59B}.Debug|Any CPU.ActiveCfg = Debug|Any CPU
		{70812A63-4FF7-386A-90BD-E1F5D8CEB59B}.Debug|Any CPU.Build.0 = Debug|Any CPU
		{70812A63-4FF7-386A-90BD-E1F5D8CEB59B}.Release|Any CPU.ActiveCfg = Release|Any CPU
		{70812A63-4FF7-386A-90BD-E1F5D8CEB59B}.Release|Any CPU.Build.0 = Release|Any CPU
		{DE4E01E6-4B05-9F38-A1AE-B7A000BB7A88}.Debug|Any CPU.ActiveCfg = Debug|Any CPU
		{DE4E01E6-4B05-9F38-A1AE-B7A000BB7A88}.Debug|Any CPU.Build.0 = Debug|Any CPU
		{DE4E01E6-4B05-9F38-A1AE-B7A000BB7A88}.Release|Any CPU.ActiveCfg = Release|Any CPU
		{DE4E01E6-4B05-9F38-A1AE-B7A000BB7A88}.Release|Any CPU.Build.0 = Release|Any CPU
	EndGlobalSection
	GlobalSection(SolutionProperties) = preSolution
		HideSolutionNode = FALSE
	EndGlobalSection
EndGlobal
